
Microsoft Visual Studio Solution File, Format Version 12.00
# Visual Studio 15
VisualStudioVersion = 15.0.27703.2000
MinimumVisualStudioVersion = 10.0.40219.1
Project("{FAE04EC0-301F-11D3-BF4B-00C04F79EFBC}") = "AudioControl", "AudioControl\AudioControl.csproj", "{C6BD035D-00C2-4C8A-A24C-D1FF06B26CCF}"
EndProject
Global
	GlobalSection(SolutionConfigurationPlatforms) = preSolution
		Debug|Any CPU = Debug|Any CPU
		Release|Any CPU = Release|Any CPU
	EndGlobalSection
	GlobalSection(ProjectConfigurationPlatforms) = postSolution
		{C6BD035D-00C2-4C8A-A24C-D1FF06B26CCF}.Debug|Any CPU.ActiveCfg = Debug|Any CPU
		{C6BD035D-00C2-4C8A-A24C-D1FF06B26CCF}.Debug|Any CPU.Build.0 = Debug|Any CPU
		{C6BD035D-00C2-4C8A-A24C-D1FF06B26CCF}.Release|Any CPU.ActiveCfg = Release|Any CPU
		{C6BD035D-00C2-4C8A-A24C-D1FF06B26CCF}.Release|Any CPU.Build.0 = Release|Any CPU
	EndGlobalSection
	GlobalSection(SolutionProperties) = preSolution
		HideSolutionNode = FALSE
	EndGlobalSection
	GlobalSection(ExtensibilityGlobals) = postSolution
		SolutionGuid = {476F537E-7D1B-40BF-85D1-196C4CD55153}
	EndGlobalSection
EndGlobal
